
Microsoft Visual Studio Solution File, Format Version 12.00
# Visual Studio Version 17
VisualStudioVersion = 17.1.32228.430
MinimumVisualStudioVersion = 10.0.40219.1
Project("{9A19103F-16F7-4668-BE54-9A1E7A4F7556}") = "TrainController", "TrainController.csproj", "{19F67B2F-E553-4927-A2FC-0B2665B0FA14}"
EndProject
Global
	GlobalSection(SolutionConfigurationPlatforms) = preSolution
		Debug|Any CPU = Debug|Any CPU
		Release|Any CPU = Release|Any CPU
	EndGlobalSection
	GlobalSection(ProjectConfigurationPlatforms) = postSolution
		{19F67B2F-E553-4927-A2FC-0B2665B0FA14}.Debug|Any CPU.ActiveCfg = Debug|Any CPU
		{19F67B2F-E553-4927-A2FC-0B2665B0FA14}.Debug|Any CPU.Build.0 = Debug|Any CPU
		{19F67B2F-E553-4927-A2FC-0B2665B0FA14}.Release|Any CPU.ActiveCfg = Release|Any CPU
		{19F67B2F-E553-4927-A2FC-0B2665B0FA14}.Release|Any CPU.Build.0 = Release|Any CPU
	EndGlobalSection
	GlobalSection(SolutionProperties) = preSolution
		HideSolutionNode = FALSE
	EndGlobalSection
	GlobalSection(ExtensibilityGlobals) = postSolution
		SolutionGuid = {A222ED9E-5F00-4FD8-837F-E5FD7E341A97}
	EndGlobalSection
EndGlobal
